// !$*UTF8*$!
{
	archiveVersion = 1;
	classes = {
	};
	objectVersion = 50;
	objects = {

/* Begin PBXBuildFile section */
		7DBFB70288CDC4289E3C5CA5 /* libPods-testBar.a in Frameworks */ = {isa = PBXBuildFile; fileRef = 52500AC6E61FAF91CD3D5094 /* libPods-testBar.a */; };
		9A139E6325932FE800270CA1 /* AppDelegate.m in Sources */ = {isa = PBXBuildFile; fileRef = 9A139E6225932FE800270CA1 /* AppDelegate.m */; };
		9A139E6C25932FE800270CA1 /* Main.storyboard in Resources */ = {isa = PBXBuildFile; fileRef = 9A139E6A25932FE800270CA1 /* Main.storyboard */; };
		9A139E6E25932FEA00270CA1 /* Assets.xcassets in Resources */ = {isa = PBXBuildFile; fileRef = 9A139E6D25932FEA00270CA1 /* Assets.xcassets */; };
		9A139E7125932FEA00270CA1 /* LaunchScreen.storyboard in Resources */ = {isa = PBXBuildFile; fileRef = 9A139E6F25932FEA00270CA1 /* LaunchScreen.storyboard */; };
		9A139E7425932FEA00270CA1 /* main.m in Sources */ = {isa = PBXBuildFile; fileRef = 9A139E7325932FEA00270CA1 /* main.m */; };
		9A139E85259330E100270CA1 /* HomeController.m in Sources */ = {isa = PBXBuildFile; fileRef = 9A139E84259330E100270CA1 /* HomeController.m */; };
		9A139E89259330F300270CA1 /* SetingController.m in Sources */ = {isa = PBXBuildFile; fileRef = 9A139E88259330F300270CA1 /* SetingController.m */; };
/* End PBXBuildFile section */

/* Begin PBXFileReference section */
		2DA34F9135CF4FDB67702B5D /* Pods-testBar.release.xcconfig */ = {isa = PBXFileReference; includeInIndex = 1; lastKnownFileType = text.xcconfig; name = "Pods-testBar.release.xcconfig"; path = "Target Support Files/Pods-testBar/Pods-testBar.release.xcconfig"; sourceTree = "<group>"; };
		52500AC6E61FAF91CD3D5094 /* libPods-testBar.a */ = {isa = PBXFileReference; explicitFileType = archive.ar; includeInIndex = 0; path = "libPods-testBar.a"; sourceTree = BUILT_PRODUCTS_DIR; };
		9A139E5E25932FE800270CA1 /* testBar.app */ = {isa = PBXFileReference; explicitFileType = wrapper.application; includeInIndex = 0; path = testBar.app; sourceTree = BUILT_PRODUCTS_DIR; };
		9A139E6125932FE800270CA1 /* AppDelegate.h */ = {isa = PBXFileReference; lastKnownFileType = sourcecode.c.h; path = AppDelegate.h; sourceTree = "<group>"; };
		9A139E6225932FE800270CA1 /* AppDelegate.m */ = {isa = PBXFileReference; lastKnownFileType = sourcecode.c.objc; path = AppDelegate.m; sourceTree = "<group>"; };
		9A139E6B25932FE800270CA1 /* Base */ = {isa = PBXFileReference; lastKnownFileType = file.storyboard; name = Base; path = Base.lproj/Main.storyboard; sourceTree = "<group>"; };
		9A139E6D25932FEA00270CA1 /* Assets.xcassets */ = {isa = PBXFileReference; lastKnownFileType = folder.assetcatalog; path = Assets.xcassets; sourceTree = "<group>"; };
		9A139E7025932FEA00270CA1 /* Base */ = {isa = PBXFileReference; lastKnownFileType = file.storyboard; name = Base; path = Base.lproj/LaunchScreen.storyboard; sourceTree = "<group>"; };
		9A139E7225932FEA00270CA1 /* Info.plist */ = {isa = PBXFileReference; lastKnownFileType = text.plist.xml; path = Info.plist; sourceTree = "<group>"; };
		9A139E7325932FEA00270CA1 /* main.m */ = {isa = PBXFileReference; lastKnownFileType = sourcecode.c.objc; path = main.m; sourceTree = "<group>"; };
		9A139E83259330E100270CA1 /* HomeController.h */ = {isa = PBXFileReference; lastKnownFileType = sourcecode.c.h; path = HomeController.h; sourceTree = "<group>"; };
		9A139E84259330E100270CA1 /* HomeController.m */ = {isa = PBXFileReference; lastKnownFileType = sourcecode.c.objc; path = HomeController.m; sourceTree = "<group>"; };
		9A139E87259330F300270CA1 /* SetingController.h */ = {isa = PBXFileReference; lastKnownFileType = sourcecode.c.h; path = SetingController.h; sourceTree = "<group>"; };
		9A139E88259330F300270CA1 /* SetingController.m */ = {isa = PBXFileReference; lastKnownFileType = sourcecode.c.objc; path = SetingController.m; sourceTree = "<group>"; };
		FB88244720EBF87BAB599D73 /* Pods-testBar.debug.xcconfig */ = {isa = PBXFileReference; includeInIndex = 1; lastKnownFileType = text.xcconfig; name = "Pods-testBar.debug.xcconfig"; path = "Target Support Files/Pods-testBar/Pods-testBar.debug.xcconfig"; sourceTree = "<group>"; };
/* End PBXFileReference section */

/* Begin PBXFrameworksBuildPhase section */
		9A139E5B25932FE800270CA1 /* Frameworks */ = {
			isa = PBXFrameworksBuildPhase;
			buildActionMask = 2147483647;
			files = (
				7DBFB70288CDC4289E3C5CA5 /* libPods-testBar.a in Frameworks */,
			);
			runOnlyForDeploymentPostprocessing = 0;
		};
/* End PBXFrameworksBuildPhase section */

/* Begin PBXGroup section */
		2E43F2FDF3EF5EDA631E2735 /* Frameworks */ = {
			isa = PBXGroup;
			children = (
				52500AC6E61FAF91CD3D5094 /* libPods-testBar.a */,
			);
			name = Frameworks;
			sourceTree = "<group>";
		};
		8D1CD3FCF577193574149DCF /* Pods */ = {
			isa = PBXGroup;
			children = (
				FB88244720EBF87BAB599D73 /* Pods-testBar.debug.xcconfig */,
				2DA34F9135CF4FDB67702B5D /* Pods-testBar.release.xcconfig */,
			);
			path = Pods;
			sourceTree = "<group>";
		};
		9A139E5525932FE800270CA1 = {
			isa = PBXGroup;
			children = (
				9A139E6025932FE800270CA1 /* testBar */,
				9A139E5F25932FE800270CA1 /* Products */,
				8D1CD3FCF577193574149DCF /* Pods */,
				2E43F2FDF3EF5EDA631E2735 /* Frameworks */,
			);
			sourceTree = "<group>";
		};
		9A139E5F25932FE800270CA1 /* Products */ = {
			isa = PBXGroup;
			children = (
				9A139E5E25932FE800270CA1 /* testBar.app */,
			);
			name = Products;
			sourceTree = "<group>";
		};
		9A139E6025932FE800270CA1 /* testBar */ = {
			isa = PBXGroup;
			children = (
				9A139E6125932FE800270CA1 /* AppDelegate.h */,
				9A139E6225932FE800270CA1 /* AppDelegate.m */,
				9A139E83259330E100270CA1 /* HomeController.h */,
				9A139E84259330E100270CA1 /* HomeController.m */,
				9A139E87259330F300270CA1 /* SetingController.h */,
				9A139E88259330F300270CA1 /* SetingController.m */,
				9A139E6A25932FE800270CA1 /* Main.storyboard */,
				9A139E6D25932FEA00270CA1 /* Assets.xcassets */,
				9A139E6F25932FEA00270CA1 /* LaunchScreen.storyboard */,
				9A139E7225932FEA00270CA1 /* Info.plist */,
				9A139E7325932FEA00270CA1 /* main.m */,
			);
			path = testBar;
			sourceTree = "<group>";
		};
/* End PBXGroup section */

/* Begin PBXNativeTarget section */
		9A139E5D25932FE800270CA1 /* testBar */ = {
			isa = PBXNativeTarget;
			buildConfigurationList = 9A139E7725932FEA00270CA1 /* Build configuration list for PBXNativeTarget "testBar" */;
			buildPhases = (
				6E6E3308C17B4E940BF85D51 /* [CP] Check Pods Manifest.lock */,
				9A139E5A25932FE800270CA1 /* Sources */,
				9A139E5B25932FE800270CA1 /* Frameworks */,
				9A139E5C25932FE800270CA1 /* Resources */,
			);
			buildRules = (
			);
			dependencies = (
			);
			name = testBar;
			productName = testBar;
			productReference = 9A139E5E25932FE800270CA1 /* testBar.app */;
			productType = "com.apple.product-type.application";
		};
/* End PBXNativeTarget section */

/* Begin PBXProject section */
		9A139E5625932FE800270CA1 /* Project object */ = {
			isa = PBXProject;
			attributes = {
				LastUpgradeCheck = 1230;
				TargetAttributes = {
					9A139E5D25932FE800270CA1 = {
						CreatedOnToolsVersion = 12.3;
					};
				};
			};
			buildConfigurationList = 9A139E5925932FE800270CA1 /* Build configuration list for PBXProject "testBar" */;
			compatibilityVersion = "Xcode 9.3";
			developmentRegion = en;
			hasScannedForEncodings = 0;
			knownRegions = (
				en,
				Base,
			);
			mainGroup = 9A139E5525932FE800270CA1;
			productRefGroup = 9A139E5F25932FE800270CA1 /* Products */;
			projectDirPath = "";
			projectRoot = "";
			targets = (
				9A139E5D25932FE800270CA1 /* testBar */,
			);
		};
/* End PBXProject section */

/* Begin PBXResourcesBuildPhase section */
		9A139E5C25932FE800270CA1 /* Resources */ = {
			isa = PBXResourcesBuildPhase;
			buildActionMask = 2147483647;
			files = (
				9A139E7125932FEA00270CA1 /* LaunchScreen.storyboard in Resources */,
				9A139E6E25932FEA00270CA1 /* Assets.xcassets in Resources */,
				9A139E6C25932FE800270CA1 /* Main.storyboard in Resources */,
			);
			runOnlyForDeploymentPostprocessing = 0;
		};
/* End PBXResourcesBuildPhase section */

/* Begin PBXShellScriptBuildPhase section */
		6E6E3308C17B4E940BF85D51 /* [CP] Check Pods Manifest.lock */ = {
			isa = PBXShellScriptBuildPhase;
			buildActionMask = 2147483647;
			files = (
			);
			inputFileListPaths = (
			);
			inputPaths = (
				"${PODS_PODFILE_DIR_PATH}/Podfile.lock",
				"${PODS_ROOT}/Manifest.lock",
			);
			name = "[CP] Check Pods Manifest.lock";
			outputFileListPaths = (
			);
			outputPaths = (
				"$(DERIVED_FILE_DIR)/Pods-testBar-checkManifestLockResult.txt",
			);
			runOnlyForDeploymentPostprocessing = 0;
			shellPath = /bin/sh;
			shellScript = "diff \"${PODS_PODFILE_DIR_PATH}/Podfile.lock\" \"${PODS_ROOT}/Manifest.lock\" > /dev/null\nif [ $? != 0 ] ; then\n    # print error to STDERR\n    echo \"error: The sandbox is not in sync with the Podfile.lock. Run 'pod install' or update your CocoaPods installation.\" >&2\n    exit 1\nfi\n# This output is used by Xcode 'outputs' to avoid re-running this script phase.\necho \"SUCCESS\" > \"${SCRIPT_OUTPUT_FILE_0}\"\n";
			showEnvVarsInLog = 0;
		};
/* End PBXShellScriptBuildPhase section */

/* Begin PBXSourcesBuildPhase section */
		9A139E5A25932FE800270CA1 /* Sources */ = {
			isa = PBXSourcesBuildPhase;
			buildActionMask = 2147483647;
			files = (
				9A139E6325932FE800270CA1 /* AppDelegate.m in Sources */,
				9A139E85259330E100270CA1 /* HomeController.m in Sources */,
				9A139E7425932FEA00270CA1 /* main.m in Sources */,
				9A139E89259330F300270CA1 /* SetingController.m in Sources */,
			);
			runOnlyForDeploymentPostprocessing = 0;
		};
/* End PBXSourcesBuildPhase section */

/* Begin PBXVariantGroup section */
		9A139E6A25932FE800270CA1 /* Main.storyboard */ = {
			isa = PBXVariantGroup;
			children = (
				9A139E6B25932FE800270CA1 /* Base */,
			);
			name = Main.storyboard;
			sourceTree = "<group>";
		};
		9A139E6F25932FEA00270CA1 /* LaunchScreen.storyboard */ = {
			isa = PBXVariantGroup;
			children = (
				9A139E7025932FEA00270CA1 /* Base */,
			);
			name = LaunchScreen.storyboard;
			sourceTree = "<group>";
		};
/* End PBXVariantGroup section */

/* Begin XCBuildConfiguration section */
		9A139E7525932FEA00270CA1 /* Debug */ = {
			isa = XCBuildConfiguration;
			buildSettings = {
				ALWAYS_SEARCH_USER_PATHS = NO;
				CLANG_ANALYZER_NONNULL = YES;
				CLANG_ANALYZER_NUMBER_OBJECT_CONVERSION = YES_AGGRESSIVE;
				CLANG_CXX_LANGUAGE_STANDARD = "gnu++14";
				CLANG_CXX_LIBRARY = "libc++";
				CLANG_ENABLE_MODULES = YES;
				CLANG_ENABLE_OBJC_ARC = YES;
				CLANG_ENABLE_OBJC_WEAK = YES;
				CLANG_WARN_BLOCK_CAPTURE_AUTORELEASING = YES;
				CLANG_WARN_BOOL_CONVERSION = YES;
				CLANG_WARN_COMMA = YES;
				CLANG_WARN_CONSTANT_CONVERSION = YES;
				CLANG_WARN_DEPRECATED_OBJC_IMPLEMENTATIONS = YES;
				CLANG_WARN_DIRECT_OBJC_ISA_USAGE = YES_ERROR;
				CLANG_WARN_DOCUMENTATION_COMMENTS = YES;
				CLANG_WARN_EMPTY_BODY = YES;
				CLANG_WARN_ENUM_CONVERSION = YES;
				CLANG_WARN_INFINITE_RECURSION = YES;
				CLANG_WARN_INT_CONVERSION = YES;
				CLANG_WARN_NON_LITERAL_NULL_CONVERSION = YES;
				CLANG_WARN_OBJC_IMPLICIT_RETAIN_SELF = YES;
				CLANG_WARN_OBJC_LITERAL_CONVERSION = YES;
				CLANG_WARN_OBJC_ROOT_CLASS = YES_ERROR;
				CLANG_WARN_QUOTED_INCLUDE_IN_FRAMEWORK_HEADER = YES;
				CLANG_WARN_RANGE_LOOP_ANALYSIS = YES;
				CLANG_WARN_STRICT_PROTOTYPES = YES;
				CLANG_WARN_SUSPICIOUS_MOVE = YES;
				CLANG_WARN_UNGUARDED_AVAILABILITY = YES_AGGRESSIVE;
				CLANG_WARN_UNREACHABLE_CODE = YES;
				CLANG_WARN__DUPLICATE_METHOD_MATCH = YES;
				COPY_PHASE_STRIP = NO;
				DEBUG_INFORMATION_FORMAT = dwarf;
				ENABLE_STRICT_OBJC_MSGSEND = YES;
				ENABLE_TESTABILITY = YES;
				GCC_C_LANGUAGE_STANDARD = gnu11;
				GCC_DYNAMIC_NO_PIC = NO;
				GCC_NO_COMMON_BLOCKS = YES;
				GCC_OPTIMIZATION_LEVEL = 0;
				GCC_PREPROCESSOR_DEFINITIONS = (
					"DEBUG=1",
					"$(inherited)",
				);
				GCC_WARN_64_TO_32_BIT_CONVERSION = YES;
				GCC_WARN_ABOUT_RETURN_TYPE = YES_ERROR;
				GCC_WARN_UNDECLARED_SELECTOR = YES;
				GCC_WARN_UNINITIALIZED_AUTOS = YES_AGGRESSIVE;
				GCC_WARN_UNUSED_FUNCTION = YES;
				GCC_WARN_UNUSED_VARIABLE = YES;
				IPHONEOS_DEPLOYMENT_TARGET = 14.3;
				MTL_ENABLE_DEBUG_INFO = INCLUDE_SOURCE;
				MTL_FAST_MATH = YES;
				ONLY_ACTIVE_ARCH = YES;
				SDKROOT = iphoneos;
			};
			name = Debug;
		};
		9A139E7625932FEA00270CA1 /* Release */ = {
			isa = XCBuildConfiguration;
			buildSettings = {
				ALWAYS_SEARCH_USER_PATHS = NO;
				CLANG_ANALYZER_NONNULL = YES;
				CLANG_ANALYZER_NUMBER_OBJECT_CONVERSION = YES_AGGRESSIVE;
				CLANG_CXX_LANGUAGE_STANDARD = "gnu++14";
				CLANG_CXX_LIBRARY = "libc++";
				CLANG_ENABLE_MODULES = YES;
				CLANG_ENABLE_OBJC_ARC = YES;
				CLANG_ENABLE_OBJC_WEAK = YES;
				CLANG_WARN_BLOCK_CAPTURE_AUTORELEASING = YES;
				CLANG_WARN_BOOL_CONVERSION = YES;
				CLANG_WARN_COMMA = YES;
				CLANG_WARN_CONSTANT_CONVERSION = YES;
				CLANG_WARN_DEPRECATED_OBJC_IMPLEMENTATIONS = YES;
				CLANG_WARN_DIRECT_OBJC_ISA_USAGE = YES_ERROR;
				CLANG_WARN_DOCUMENTATION_COMMENTS = YES;
				CLANG_WARN_EMPTY_BODY = YES;
				CLANG_WARN_ENUM_CONVERSION = YES;
				CLANG_WARN_INFINITE_RECURSION = YES;
				CLANG_WARN_INT_CONVERSION = YES;
				CLANG_WARN_NON_LITERAL_NULL_CONVERSION = YES;
				CLANG_WARN_OBJC_IMPLICIT_RETAIN_SELF = YES;
				CLANG_WARN_OBJC_LITERAL_CONVERSION = YES;
				CLANG_WARN_OBJC_ROOT_CLASS = YES_ERROR;
				CLANG_WARN_QUOTED_INCLUDE_IN_FRAMEWORK_HEADER = YES;
				CLANG_WARN_RANGE_LOOP_ANALYSIS = YES;
				CLANG_WARN_STRICT_PROTOTYPES = YES;
				CLANG_WARN_SUSPICIOUS_MOVE = YES;
				CLANG_WARN_UNGUARDED_AVAILABILITY = YES_AGGRESSIVE;
				CLANG_WARN_UNREACHABLE_CODE = YES;
				CLANG_WARN__DUPLICATE_METHOD_MATCH = YES;
				COPY_PHASE_STRIP = NO;
				DEBUG_INFORMATION_FORMAT = "dwarf-with-dsym";
				ENABLE_NS_ASSERTIONS = NO;
				ENABLE_STRICT_OBJC_MSGSEND = YES;
				GCC_C_LANGUAGE_STANDARD = gnu11;
				GCC_NO_COMMON_BLOCKS = YES;
				GCC_WARN_64_TO_32_BIT_CONVERSION = YES;
				GCC_WARN_ABOUT_RETURN_TYPE = YES_ERROR;
				GCC_WARN_UNDECLARED_SELECTOR = YES;
				GCC_WARN_UNINITIALIZED_AUTOS = YES_AGGRESSIVE;
				GCC_WARN_UNUSED_FUNCTION = YES;
				GCC_WARN_UNUSED_VARIABLE = YES;
				IPHONEOS_DEPLOYMENT_TARGET = 14.3;
				MTL_ENABLE_DEBUG_INFO = NO;
				MTL_FAST_MATH = YES;
				SDKROOT = iphoneos;
				VALIDATE_PRODUCT = YES;
			};
			name = Release;
		};
		9A139E7825932FEA00270CA1 /* Debug */ = {
			isa = XCBuildConfiguration;
			baseConfigurationReference = FB88244720EBF87BAB599D73 /* Pods-testBar.debug.xcconfig */;
			buildSettings = {
				ASSETCATALOG_COMPILER_APPICON_NAME = AppIcon;
				ASSETCATALOG_COMPILER_GLOBAL_ACCENT_COLOR_NAME = AccentColor;
				CODE_SIGN_STYLE = Automatic;
				DEVELOPMENT_TEAM = 837YNTC66R;
				INFOPLIST_FILE = testBar/Info.plist;
				LD_RUNPATH_SEARCH_PATHS = (
					"$(inherited)",
					"@executable_path/Frameworks",
				);
				PRODUCT_BUNDLE_IDENTIFIER = cn.com.itink.testBar;
				PRODUCT_NAME = "$(TARGET_NAME)";
				TARGETED_DEVICE_FAMILY = 1;
			};
			name = Debug;
		};
		9A139E7925932FEA00270CA1 /* Release */ = {
			isa = XCBuildConfiguration;
			baseConfigurationReference = 2DA34F9135CF4FDB67702B5D /* Pods-testBar.release.xcconfig */;
			buildSettings = {
				ASSETCATALOG_COMPILER_APPICON_NAME = AppIcon;
				ASSETCATALOG_COMPILER_GLOBAL_ACCENT_COLOR_NAME = AccentColor;
				CODE_SIGN_STYLE = Automatic;
				DEVELOPMENT_TEAM = 837YNTC66R;
				INFOPLIST_FILE = testBar/Info.plist;
				LD_RUNPATH_SEARCH_PATHS = (
					"$(inherited)",
					"@executable_path/Frameworks",
				);
				PRODUCT_BUNDLE_IDENTIFIER = cn.com.itink.testBar;
				PRODUCT_NAME = "$(TARGET_NAME)";
				TARGETED_DEVICE_FAMILY = 1;
			};
			name = Release;
		};
/* End XCBuildConfiguration section */

/* Begin XCConfigurationList section */
		9A139E5925932FE800270CA1 /* Build configuration list for PBXProject "testBar" */ = {
			isa = XCConfigurationList;
			buildConfigurations = (
				9A139E7525932FEA00270CA1 /* Debug */,
				9A139E7625932FEA00270CA1 /* Release */,
			);
			defaultConfigurationIsVisible = 0;
			defaultConfigurationName = Release;
		};
		9A139E7725932FEA00270CA1 /* Build configuration list for PBXNativeTarget "testBar" */ = {
			isa = XCConfigurationList;
			buildConfigurations = (
				9A139E7825932FEA00270CA1 /* Debug */,
				9A139E7925932FEA00270CA1 /* Release */,
			);
			defaultConfigurationIsVisible = 0;
			defaultConfigurationName = Release;
		};
/* End XCConfigurationList section */
	};
	rootObject = 9A139E5625932FE800270CA1 /* Project object */;
}
